{
  "name": "blog",
  "version": "1.0.0",
  "lockfileVersion": 2,
  "requires": true,
  "packages": {
    "": {
      "name": "blog",
      "version": "1.0.0",
      "license": "ISC",
      "dependencies": {
        "laptops": "^1.0.4"
      }
    },
    "node_modules/laptops": {
      "version": "1.0.4",
      "resolved": "https://registry.npmjs.org/laptops/-/laptops-1.0.4.tgz",
      "integrity": "sha512-5WkgyLpPm+HGCpAuqDBAROlV9W5Sqaird5bdIZ3jA3J+1KGgaf23aRR1D0mUwYXSqcS5jbeYnOyE2FWRyzfXyw==",
      "bin": {
        "laptops": "index.js"
      }
    }
  },
  "dependencies": {
    "laptops": {
      "version": "1.0.4",
      "resolved": "https://registry.npmjs.org/laptops/-/laptops-1.0.4.tgz",
      "integrity": "sha512-5WkgyLpPm+HGCpAuqDBAROlV9W5Sqaird5bdIZ3jA3J+1KGgaf23aRR1D0mUwYXSqcS5jbeYnOyE2FWRyzfXyw=="
    }
  }
}
